
Microsoft Visual Studio Solution File, Format Version 12.00
# Visual Studio Version 16
VisualStudioVersion = 16.0.31702.278
MinimumVisualStudioVersion = 10.0.40219.1
Project("{FAE04EC0-301F-11D3-BF4B-00C04F79EFBC}") = "BlogNet", "BlogNet\BlogNet.csproj", "{311B6A22-F121-44A3-82D9-35E2EA02A8A2}"
EndProject
Project("{2150E333-8FDC-42A3-9474-1A3956D46DE8}") = "Solution Items", "Solution Items", "{5F58902E-82A0-4953-8C76-E4DB30569DC4}"
	ProjectSection(SolutionItems) = preProject
		ReadMe.txt = ReadMe.txt
	EndProjectSection
EndProject
Global
	GlobalSection(SolutionConfigurationPlatforms) = preSolution
		Debug|Any CPU = Debug|Any CPU
		Release|Any CPU = Release|Any CPU
	EndGlobalSection
	GlobalSection(ProjectConfigurationPlatforms) = postSolution
		{311B6A22-F121-44A3-82D9-35E2EA02A8A2}.Debug|Any CPU.ActiveCfg = Debug|Any CPU
		{311B6A22-F121-44A3-82D9-35E2EA02A8A2}.Debug|Any CPU.Build.0 = Debug|Any CPU
		{311B6A22-F121-44A3-82D9-35E2EA02A8A2}.Release|Any CPU.ActiveCfg = Release|Any CPU
		{311B6A22-F121-44A3-82D9-35E2EA02A8A2}.Release|Any CPU.Build.0 = Release|Any CPU
	EndGlobalSection
	GlobalSection(SolutionProperties) = preSolution
		HideSolutionNode = FALSE
	EndGlobalSection
	GlobalSection(ExtensibilityGlobals) = postSolution
		SolutionGuid = {CF0AA0CB-31AF-48D1-B6CC-4B6BD178893B}
	EndGlobalSection
EndGlobal
